
Microsoft Visual Studio Solution File, Format Version 12.00
# Visual Studio Version 17
VisualStudioVersion = 17.0.31903.59
MinimumVisualStudioVersion = 10.0.40219.1
Project("{2150E333-8FDC-42A3-9474-1A3956D46DE8}") = "src", "src", "{827E0CD3-B72D-47B6-A68D-7590B98EB39B}"
EndProject
Project("{FAE04EC0-301F-11D3-BF4B-00C04F79EFBC}") = "Aspeckd.Core", "src\Aspeckd.Core\Aspeckd.Core.csproj", "{405A45ED-310E-46C0-B0F9-F868E87A4434}"
EndProject
Project("{FAE04EC0-301F-11D3-BF4B-00C04F79EFBC}") = "Aspeckd", "src\Aspeckd\Aspeckd.csproj", "{9A60B0BD-33F2-4A95-834C-282D319D6E8A}"
EndProject
Project("{2150E333-8FDC-42A3-9474-1A3956D46DE8}") = "tests", "tests", "{0AB3BF05-4346-4AA6-1389-037BE0695223}"
EndProject
Project("{FAE04EC0-301F-11D3-BF4B-00C04F79EFBC}") = "Aspeckd.Tests", "tests\Aspeckd.Tests\Aspeckd.Tests.csproj", "{A2D13AC4-2E57-4F21-9658-C8DD221C865D}"
EndProject
Project("{2150E333-8FDC-42A3-9474-1A3956D46DE8}") = "samples", "samples", "{C3D7E8F1-A5B2-4C89-D6E0-F1A2B3C4D5E6}"
EndProject
Project("{FAE04EC0-301F-11D3-BF4B-00C04F79EFBC}") = "BasicSample", "samples\BasicSample\BasicSample.csproj", "{D4E8F912-B6C3-5D9A-E7F1-02A3B4C5D6E7}"
EndProject
Project("{FAE04EC0-301F-11D3-BF4B-00C04F79EFBC}") = "AnnotatedSample", "samples\AnnotatedSample\AnnotatedSample.csproj", "{E5F90A23-C7D4-6EAB-F802-13B4C5D6E7F8}"
EndProject
Global
	GlobalSection(SolutionConfigurationPlatforms) = preSolution
		Debug|Any CPU = Debug|Any CPU
		Debug|x64 = Debug|x64
		Debug|x86 = Debug|x86
		Release|Any CPU = Release|Any CPU
		Release|x64 = Release|x64
		Release|x86 = Release|x86
	EndGlobalSection
	GlobalSection(ProjectConfigurationPlatforms) = postSolution
		{405A45ED-310E-46C0-B0F9-F868E87A4434}.Debug|Any CPU.ActiveCfg = Debug|Any CPU
		{405A45ED-310E-46C0-B0F9-F868E87A4434}.Debug|Any CPU.Build.0 = Debug|Any CPU
		{405A45ED-310E-46C0-B0F9-F868E87A4434}.Debug|x64.ActiveCfg = Debug|Any CPU
		{405A45ED-310E-46C0-B0F9-F868E87A4434}.Debug|x64.Build.0 = Debug|Any CPU
		{405A45ED-310E-46C0-B0F9-F868E87A4434}.Debug|x86.ActiveCfg = Debug|Any CPU
		{405A45ED-310E-46C0-B0F9-F868E87A4434}.Debug|x86.Build.0 = Debug|Any CPU
		{405A45ED-310E-46C0-B0F9-F868E87A4434}.Release|Any CPU.ActiveCfg = Release|Any CPU
		{405A45ED-310E-46C0-B0F9-F868E87A4434}.Release|Any CPU.Build.0 = Release|Any CPU
		{405A45ED-310E-46C0-B0F9-F868E87A4434}.Release|x64.ActiveCfg = Release|Any CPU
		{405A45ED-310E-46C0-B0F9-F868E87A4434}.Release|x64.Build.0 = Release|Any CPU
		{405A45ED-310E-46C0-B0F9-F868E87A4434}.Release|x86.ActiveCfg = Release|Any CPU
		{405A45ED-310E-46C0-B0F9-F868E87A4434}.Release|x86.Build.0 = Release|Any CPU
		{9A60B0BD-33F2-4A95-834C-282D319D6E8A}.Debug|Any CPU.ActiveCfg = Debug|Any CPU
		{9A60B0BD-33F2-4A95-834C-282D319D6E8A}.Debug|Any CPU.Build.0 = Debug|Any CPU
		{9A60B0BD-33F2-4A95-834C-282D319D6E8A}.Debug|x64.ActiveCfg = Debug|Any CPU
		{9A60B0BD-33F2-4A95-834C-282D319D6E8A}.Debug|x64.Build.0 = Debug|Any CPU
		{9A60B0BD-33F2-4A95-834C-282D319D6E8A}.Debug|x86.ActiveCfg = Debug|Any CPU
		{9A60B0BD-33F2-4A95-834C-282D319D6E8A}.Debug|x86.Build.0 = Debug|Any CPU
		{9A60B0BD-33F2-4A95-834C-282D319D6E8A}.Release|Any CPU.ActiveCfg = Release|Any CPU
		{9A60B0BD-33F2-4A95-834C-282D319D6E8A}.Release|Any CPU.Build.0 = Release|Any CPU
		{9A60B0BD-33F2-4A95-834C-282D319D6E8A}.Release|x64.ActiveCfg = Release|Any CPU
		{9A60B0BD-33F2-4A95-834C-282D319D6E8A}.Release|x64.Build.0 = Release|Any CPU
		{9A60B0BD-33F2-4A95-834C-282D319D6E8A}.Release|x86.ActiveCfg = Release|Any CPU
		{9A60B0BD-33F2-4A95-834C-282D319D6E8A}.Release|x86.Build.0 = Release|Any CPU
		{A2D13AC4-2E57-4F21-9658-C8DD221C865D}.Debug|Any CPU.ActiveCfg = Debug|Any CPU
		{A2D13AC4-2E57-4F21-9658-C8DD221C865D}.Debug|Any CPU.Build.0 = Debug|Any CPU
		{A2D13AC4-2E57-4F21-9658-C8DD221C865D}.Debug|x64.ActiveCfg = Debug|Any CPU
		{A2D13AC4-2E57-4F21-9658-C8DD221C865D}.Debug|x64.Build.0 = Debug|Any CPU
		{A2D13AC4-2E57-4F21-9658-C8DD221C865D}.Debug|x86.ActiveCfg = Debug|Any CPU
		{A2D13AC4-2E57-4F21-9658-C8DD221C865D}.Debug|x86.Build.0 = Debug|Any CPU
		{A2D13AC4-2E57-4F21-9658-C8DD221C865D}.Release|Any CPU.ActiveCfg = Release|Any CPU
		{A2D13AC4-2E57-4F21-9658-C8DD221C865D}.Release|Any CPU.Build.0 = Release|Any CPU
		{A2D13AC4-2E57-4F21-9658-C8DD221C865D}.Release|x64.ActiveCfg = Release|Any CPU
		{A2D13AC4-2E57-4F21-9658-C8DD221C865D}.Release|x64.Build.0 = Release|Any CPU
		{A2D13AC4-2E57-4F21-9658-C8DD221C865D}.Release|x86.ActiveCfg = Release|Any CPU
		{A2D13AC4-2E57-4F21-9658-C8DD221C865D}.Release|x86.Build.0 = Release|Any CPU
		{D4E8F912-B6C3-5D9A-E7F1-02A3B4C5D6E7}.Debug|Any CPU.ActiveCfg = Debug|Any CPU
		{D4E8F912-B6C3-5D9A-E7F1-02A3B4C5D6E7}.Debug|Any CPU.Build.0 = Debug|Any CPU
		{D4E8F912-B6C3-5D9A-E7F1-02A3B4C5D6E7}.Debug|x64.ActiveCfg = Debug|Any CPU
		{D4E8F912-B6C3-5D9A-E7F1-02A3B4C5D6E7}.Debug|x64.Build.0 = Debug|Any CPU
		{D4E8F912-B6C3-5D9A-E7F1-02A3B4C5D6E7}.Debug|x86.ActiveCfg = Debug|Any CPU
		{D4E8F912-B6C3-5D9A-E7F1-02A3B4C5D6E7}.Debug|x86.Build.0 = Debug|Any CPU
		{D4E8F912-B6C3-5D9A-E7F1-02A3B4C5D6E7}.Release|Any CPU.ActiveCfg = Release|Any CPU
		{D4E8F912-B6C3-5D9A-E7F1-02A3B4C5D6E7}.Release|Any CPU.Build.0 = Release|Any CPU
		{D4E8F912-B6C3-5D9A-E7F1-02A3B4C5D6E7}.Release|x64.ActiveCfg = Release|Any CPU
		{D4E8F912-B6C3-5D9A-E7F1-02A3B4C5D6E7}.Release|x64.Build.0 = Release|Any CPU
		{D4E8F912-B6C3-5D9A-E7F1-02A3B4C5D6E7}.Release|x86.ActiveCfg = Release|Any CPU
		{D4E8F912-B6C3-5D9A-E7F1-02A3B4C5D6E7}.Release|x86.Build.0 = Release|Any CPU
		{E5F90A23-C7D4-6EAB-F802-13B4C5D6E7F8}.Debug|Any CPU.ActiveCfg = Debug|Any CPU
		{E5F90A23-C7D4-6EAB-F802-13B4C5D6E7F8}.Debug|Any CPU.Build.0 = Debug|Any CPU
		{E5F90A23-C7D4-6EAB-F802-13B4C5D6E7F8}.Debug|x64.ActiveCfg = Debug|Any CPU
		{E5F90A23-C7D4-6EAB-F802-13B4C5D6E7F8}.Debug|x64.Build.0 = Debug|Any CPU
		{E5F90A23-C7D4-6EAB-F802-13B4C5D6E7F8}.Debug|x86.ActiveCfg = Debug|Any CPU
		{E5F90A23-C7D4-6EAB-F802-13B4C5D6E7F8}.Debug|x86.Build.0 = Debug|Any CPU
		{E5F90A23-C7D4-6EAB-F802-13B4C5D6E7F8}.Release|Any CPU.ActiveCfg = Release|Any CPU
		{E5F90A23-C7D4-6EAB-F802-13B4C5D6E7F8}.Release|Any CPU.Build.0 = Release|Any CPU
		{E5F90A23-C7D4-6EAB-F802-13B4C5D6E7F8}.Release|x64.ActiveCfg = Release|Any CPU
		{E5F90A23-C7D4-6EAB-F802-13B4C5D6E7F8}.Release|x64.Build.0 = Release|Any CPU
		{E5F90A23-C7D4-6EAB-F802-13B4C5D6E7F8}.Release|x86.ActiveCfg = Release|Any CPU
		{E5F90A23-C7D4-6EAB-F802-13B4C5D6E7F8}.Release|x86.Build.0 = Release|Any CPU
	EndGlobalSection
	GlobalSection(SolutionProperties) = preSolution
		HideSolutionNode = FALSE
	EndGlobalSection
	GlobalSection(NestedProjects) = preSolution
		{405A45ED-310E-46C0-B0F9-F868E87A4434} = {827E0CD3-B72D-47B6-A68D-7590B98EB39B}
		{9A60B0BD-33F2-4A95-834C-282D319D6E8A} = {827E0CD3-B72D-47B6-A68D-7590B98EB39B}
		{A2D13AC4-2E57-4F21-9658-C8DD221C865D} = {0AB3BF05-4346-4AA6-1389-037BE0695223}
		{D4E8F912-B6C3-5D9A-E7F1-02A3B4C5D6E7} = {C3D7E8F1-A5B2-4C89-D6E0-F1A2B3C4D5E6}
		{E5F90A23-C7D4-6EAB-F802-13B4C5D6E7F8} = {C3D7E8F1-A5B2-4C89-D6E0-F1A2B3C4D5E6}
	EndGlobalSection
EndGlobal
